
Microsoft Visual Studio Solution File, Format Version 12.00
# Visual Studio Version 17
VisualStudioVersion = 17.6.33829.357
MinimumVisualStudioVersion = 10.0.40219.1
Project("{FAE04EC0-301F-11D3-BF4B-00C04F79EFBC}") = "PongGame", "PongGame\PongGame.csproj", "{846634C2-FA44-4207-88F9-583DFD99FB98}"
EndProject
Global
	GlobalSection(SolutionConfigurationPlatforms) = preSolution
		Debug|Any CPU = Debug|Any CPU
		Release|Any CPU = Release|Any CPU
	EndGlobalSection
	GlobalSection(ProjectConfigurationPlatforms) = postSolution
		{846634C2-FA44-4207-88F9-583DFD99FB98}.Debug|Any CPU.ActiveCfg = Debug|Any CPU
		{846634C2-FA44-4207-88F9-583DFD99FB98}.Debug|Any CPU.Build.0 = Debug|Any CPU
		{846634C2-FA44-4207-88F9-583DFD99FB98}.Release|Any CPU.ActiveCfg = Release|Any CPU
		{846634C2-FA44-4207-88F9-583DFD99FB98}.Release|Any CPU.Build.0 = Release|Any CPU
	EndGlobalSection
	GlobalSection(SolutionProperties) = preSolution
		HideSolutionNode = FALSE
	EndGlobalSection
	GlobalSection(ExtensibilityGlobals) = postSolution
		SolutionGuid = {F4E143C3-A615-460D-A4E9-27A5FE8F7757}
	EndGlobalSection
EndGlobal
